
Microsoft Visual Studio Solution File, Format Version 12.00
# Visual Studio Version 16
VisualStudioVersion = 16.0.29613.14
MinimumVisualStudioVersion = 10.0.40219.1
Project("{8BC9CEB8-8B4A-11D0-8D11-00A0C91BC942}") = "kCmd", "kCmd\kCmd.vcxproj", "{463547C7-CE49-44A2-B635-ADA058B241C4}"
EndProject
Global
	GlobalSection(SolutionConfigurationPlatforms) = preSolution
		Debug|Win32 = Debug|Win32
		Debug|x64 = Debug|x64
		Release|Win32 = Release|Win32
		Release|x64 = Release|x64
	EndGlobalSection
	GlobalSection(ProjectConfigurationPlatforms) = postSolution
		{463547C7-CE49-44A2-B635-ADA058B241C4}.Debug|Win32.ActiveCfg = Debug|Win32
		{463547C7-CE49-44A2-B635-ADA058B241C4}.Debug|Win32.Build.0 = Debug|Win32
		{463547C7-CE49-44A2-B635-ADA058B241C4}.Debug|x64.ActiveCfg = Debug|x64
		{463547C7-CE49-44A2-B635-ADA058B241C4}.Debug|x64.Build.0 = Debug|x64
		{463547C7-CE49-44A2-B635-ADA058B241C4}.Release|Win32.ActiveCfg = Release|Win32
		{463547C7-CE49-44A2-B635-ADA058B241C4}.Release|Win32.Build.0 = Release|Win32
		{463547C7-CE49-44A2-B635-ADA058B241C4}.Release|x64.ActiveCfg = Release|x64
		{463547C7-CE49-44A2-B635-ADA058B241C4}.Release|x64.Build.0 = Release|x64
	EndGlobalSection
	GlobalSection(SolutionProperties) = preSolution
		HideSolutionNode = FALSE
	EndGlobalSection
	GlobalSection(ExtensibilityGlobals) = postSolution
		SolutionGuid = {AFA49D8E-C3A9-49DE-8275-31BD0121148D}
	EndGlobalSection
EndGlobal
