
Microsoft Visual Studio Solution File, Format Version 11.00
# Visual Studio 2010
Project("{8BC9CEB8-8B4A-11D0-8D11-00A0C91BC942}") = "kCmd", "kCmd\kCmd.vcxproj", "{463547C7-CE49-44A2-B635-ADA058B241C4}"
EndProject
Global
	GlobalSection(SolutionConfigurationPlatforms) = preSolution
		Debug|Win32 = Debug|Win32
		Release|Win32 = Release|Win32
	EndGlobalSection
	GlobalSection(ProjectConfigurationPlatforms) = postSolution
		{463547C7-CE49-44A2-B635-ADA058B241C4}.Debug|Win32.ActiveCfg = Debug|Win32
		{463547C7-CE49-44A2-B635-ADA058B241C4}.Debug|Win32.Build.0 = Debug|Win32
		{463547C7-CE49-44A2-B635-ADA058B241C4}.Release|Win32.ActiveCfg = Release|Win32
		{463547C7-CE49-44A2-B635-ADA058B241C4}.Release|Win32.Build.0 = Release|Win32
	EndGlobalSection
	GlobalSection(SolutionProperties) = preSolution
		HideSolutionNode = FALSE
	EndGlobalSection
EndGlobal
